
Microsoft Visual Studio Solution File, Format Version 12.00
# Visual Studio Version 17
VisualStudioVersion = 17.2.32526.322
MinimumVisualStudioVersion = 10.0.40219.1
Project("{FAE04EC0-301F-11D3-BF4B-00C04F79EFBC}") = "Kovalenko_HW11", "Kovalenko_HW11.csproj", "{7D36EFA5-4A16-4315-ADF7-6A213FB73D07}"
EndProject
Global
	GlobalSection(SolutionConfigurationPlatforms) = preSolution
		Debug|Any CPU = Debug|Any CPU
		Release|Any CPU = Release|Any CPU
	EndGlobalSection
	GlobalSection(ProjectConfigurationPlatforms) = postSolution
		{7D36EFA5-4A16-4315-ADF7-6A213FB73D07}.Debug|Any CPU.ActiveCfg = Debug|Any CPU
		{7D36EFA5-4A16-4315-ADF7-6A213FB73D07}.Debug|Any CPU.Build.0 = Debug|Any CPU
		{7D36EFA5-4A16-4315-ADF7-6A213FB73D07}.Release|Any CPU.ActiveCfg = Release|Any CPU
		{7D36EFA5-4A16-4315-ADF7-6A213FB73D07}.Release|Any CPU.Build.0 = Release|Any CPU
	EndGlobalSection
	GlobalSection(SolutionProperties) = preSolution
		HideSolutionNode = FALSE
	EndGlobalSection
	GlobalSection(ExtensibilityGlobals) = postSolution
		SolutionGuid = {A19CB1DB-7035-4EF4-BE47-1B3B6746FDC0}
	EndGlobalSection
EndGlobal
