
Microsoft Visual Studio Solution File, Format Version 12.00
# Visual Studio Version 17
VisualStudioVersion = 17.2.32526.322
MinimumVisualStudioVersion = 10.0.40219.1
Project("{9A19103F-16F7-4668-BE54-9A1E7A4F7556}") = "HW10_Kovalenko", "HW10_Kovalenko.csproj", "{6CCA8ED0-F4F9-4A97-AB2C-9F1A173E536A}"
EndProject
Project("{FAE04EC0-301F-11D3-BF4B-00C04F79EFBC}") = "UnitTestHW10_Kovalenko", "..\UnitTestHW10_Kovalenko\UnitTestHW10_Kovalenko.csproj", "{00AE3F93-818C-4582-AAB3-21012E9A16DD}"
EndProject
Global
	GlobalSection(SolutionConfigurationPlatforms) = preSolution
		Debug|Any CPU = Debug|Any CPU
		Release|Any CPU = Release|Any CPU
	EndGlobalSection
	GlobalSection(ProjectConfigurationPlatforms) = postSolution
		{6CCA8ED0-F4F9-4A97-AB2C-9F1A173E536A}.Debug|Any CPU.ActiveCfg = Debug|Any CPU
		{6CCA8ED0-F4F9-4A97-AB2C-9F1A173E536A}.Debug|Any CPU.Build.0 = Debug|Any CPU
		{6CCA8ED0-F4F9-4A97-AB2C-9F1A173E536A}.Release|Any CPU.ActiveCfg = Release|Any CPU
		{6CCA8ED0-F4F9-4A97-AB2C-9F1A173E536A}.Release|Any CPU.Build.0 = Release|Any CPU
		{00AE3F93-818C-4582-AAB3-21012E9A16DD}.Debug|Any CPU.ActiveCfg = Debug|Any CPU
		{00AE3F93-818C-4582-AAB3-21012E9A16DD}.Debug|Any CPU.Build.0 = Debug|Any CPU
		{00AE3F93-818C-4582-AAB3-21012E9A16DD}.Release|Any CPU.ActiveCfg = Release|Any CPU
		{00AE3F93-818C-4582-AAB3-21012E9A16DD}.Release|Any CPU.Build.0 = Release|Any CPU
	EndGlobalSection
	GlobalSection(SolutionProperties) = preSolution
		HideSolutionNode = FALSE
	EndGlobalSection
	GlobalSection(ExtensibilityGlobals) = postSolution
		SolutionGuid = {60D8399C-538A-4F8F-A9F7-7952081F7808}
	EndGlobalSection
EndGlobal
