
Microsoft Visual Studio Solution File, Format Version 12.00
# Visual Studio Version 17
VisualStudioVersion = 17.2.32526.322
MinimumVisualStudioVersion = 10.0.40219.1
Project("{FAE04EC0-301F-11D3-BF4B-00C04F79EFBC}") = "HW8_Kovalenko", "HW8_Kovalenko.csproj", "{B40F714A-FEDB-4B6F-AC24-E5BB2B6F76DD}"
EndProject
Global
	GlobalSection(SolutionConfigurationPlatforms) = preSolution
		Debug|Any CPU = Debug|Any CPU
		Release|Any CPU = Release|Any CPU
	EndGlobalSection
	GlobalSection(ProjectConfigurationPlatforms) = postSolution
		{B40F714A-FEDB-4B6F-AC24-E5BB2B6F76DD}.Debug|Any CPU.ActiveCfg = Debug|Any CPU
		{B40F714A-FEDB-4B6F-AC24-E5BB2B6F76DD}.Debug|Any CPU.Build.0 = Debug|Any CPU
		{B40F714A-FEDB-4B6F-AC24-E5BB2B6F76DD}.Release|Any CPU.ActiveCfg = Release|Any CPU
		{B40F714A-FEDB-4B6F-AC24-E5BB2B6F76DD}.Release|Any CPU.Build.0 = Release|Any CPU
	EndGlobalSection
	GlobalSection(SolutionProperties) = preSolution
		HideSolutionNode = FALSE
	EndGlobalSection
	GlobalSection(ExtensibilityGlobals) = postSolution
		SolutionGuid = {26FF5786-39F6-46AB-BA6D-8D143A9C0A30}
	EndGlobalSection
EndGlobal
